
Microsoft Visual Studio Solution File, Format Version 12.00
# Visual Studio 15
VisualStudioVersion = 15.0.26124.0
MinimumVisualStudioVersion = 15.0.26124.0
Project("{FAE04EC0-301F-11D3-BF4B-00C04F79EFBC}") = "R5T.Visigothia.Local.Standard.Construction", "R5T.Visigothia.Local.Standard.Construction\R5T.Visigothia.Local.Standard.Construction.csproj", "{BA6EBBB2-0758-4CC3-83E7-2360A62ACDEE}"
EndProject
Project("{FAE04EC0-301F-11D3-BF4B-00C04F79EFBC}") = "R5T.Visigothia.Local.Standard", "R5T.Visigothia.Local.Standard\R5T.Visigothia.Local.Standard.csproj", "{675437A6-C742-46EE-8D9B-1534A92E2405}"
EndProject
Project("{FAE04EC0-301F-11D3-BF4B-00C04F79EFBC}") = "R5T.Visigothia.Local.Standard.Testing", "R5T.Visigothia.Local.Standard.Testing\R5T.Visigothia.Local.Standard.Testing.csproj", "{DCBFD674-9B64-4C57-AE22-2BD9C021141E}"
EndProject
Global
	GlobalSection(SolutionConfigurationPlatforms) = preSolution
		Debug|Any CPU = Debug|Any CPU
		Debug|x64 = Debug|x64
		Debug|x86 = Debug|x86
		Release|Any CPU = Release|Any CPU
		Release|x64 = Release|x64
		Release|x86 = Release|x86
	EndGlobalSection
	GlobalSection(SolutionProperties) = preSolution
		HideSolutionNode = FALSE
	EndGlobalSection
	GlobalSection(ProjectConfigurationPlatforms) = postSolution
		{BA6EBBB2-0758-4CC3-83E7-2360A62ACDEE}.Debug|Any CPU.ActiveCfg = Debug|Any CPU
		{BA6EBBB2-0758-4CC3-83E7-2360A62ACDEE}.Debug|Any CPU.Build.0 = Debug|Any CPU
		{BA6EBBB2-0758-4CC3-83E7-2360A62ACDEE}.Debug|x64.ActiveCfg = Debug|Any CPU
		{BA6EBBB2-0758-4CC3-83E7-2360A62ACDEE}.Debug|x64.Build.0 = Debug|Any CPU
		{BA6EBBB2-0758-4CC3-83E7-2360A62ACDEE}.Debug|x86.ActiveCfg = Debug|Any CPU
		{BA6EBBB2-0758-4CC3-83E7-2360A62ACDEE}.Debug|x86.Build.0 = Debug|Any CPU
		{BA6EBBB2-0758-4CC3-83E7-2360A62ACDEE}.Release|Any CPU.ActiveCfg = Release|Any CPU
		{BA6EBBB2-0758-4CC3-83E7-2360A62ACDEE}.Release|Any CPU.Build.0 = Release|Any CPU
		{BA6EBBB2-0758-4CC3-83E7-2360A62ACDEE}.Release|x64.ActiveCfg = Release|Any CPU
		{BA6EBBB2-0758-4CC3-83E7-2360A62ACDEE}.Release|x64.Build.0 = Release|Any CPU
		{BA6EBBB2-0758-4CC3-83E7-2360A62ACDEE}.Release|x86.ActiveCfg = Release|Any CPU
		{BA6EBBB2-0758-4CC3-83E7-2360A62ACDEE}.Release|x86.Build.0 = Release|Any CPU
		{675437A6-C742-46EE-8D9B-1534A92E2405}.Debug|Any CPU.ActiveCfg = Debug|Any CPU
		{675437A6-C742-46EE-8D9B-1534A92E2405}.Debug|Any CPU.Build.0 = Debug|Any CPU
		{675437A6-C742-46EE-8D9B-1534A92E2405}.Debug|x64.ActiveCfg = Debug|Any CPU
		{675437A6-C742-46EE-8D9B-1534A92E2405}.Debug|x64.Build.0 = Debug|Any CPU
		{675437A6-C742-46EE-8D9B-1534A92E2405}.Debug|x86.ActiveCfg = Debug|Any CPU
		{675437A6-C742-46EE-8D9B-1534A92E2405}.Debug|x86.Build.0 = Debug|Any CPU
		{675437A6-C742-46EE-8D9B-1534A92E2405}.Release|Any CPU.ActiveCfg = Release|Any CPU
		{675437A6-C742-46EE-8D9B-1534A92E2405}.Release|Any CPU.Build.0 = Release|Any CPU
		{675437A6-C742-46EE-8D9B-1534A92E2405}.Release|x64.ActiveCfg = Release|Any CPU
		{675437A6-C742-46EE-8D9B-1534A92E2405}.Release|x64.Build.0 = Release|Any CPU
		{675437A6-C742-46EE-8D9B-1534A92E2405}.Release|x86.ActiveCfg = Release|Any CPU
		{675437A6-C742-46EE-8D9B-1534A92E2405}.Release|x86.Build.0 = Release|Any CPU
		{DCBFD674-9B64-4C57-AE22-2BD9C021141E}.Debug|Any CPU.ActiveCfg = Debug|Any CPU
		{DCBFD674-9B64-4C57-AE22-2BD9C021141E}.Debug|Any CPU.Build.0 = Debug|Any CPU
		{DCBFD674-9B64-4C57-AE22-2BD9C021141E}.Debug|x64.ActiveCfg = Debug|Any CPU
		{DCBFD674-9B64-4C57-AE22-2BD9C021141E}.Debug|x64.Build.0 = Debug|Any CPU
		{DCBFD674-9B64-4C57-AE22-2BD9C021141E}.Debug|x86.ActiveCfg = Debug|Any CPU
		{DCBFD674-9B64-4C57-AE22-2BD9C021141E}.Debug|x86.Build.0 = Debug|Any CPU
		{DCBFD674-9B64-4C57-AE22-2BD9C021141E}.Release|Any CPU.ActiveCfg = Release|Any CPU
		{DCBFD674-9B64-4C57-AE22-2BD9C021141E}.Release|Any CPU.Build.0 = Release|Any CPU
		{DCBFD674-9B64-4C57-AE22-2BD9C021141E}.Release|x64.ActiveCfg = Release|Any CPU
		{DCBFD674-9B64-4C57-AE22-2BD9C021141E}.Release|x64.Build.0 = Release|Any CPU
		{DCBFD674-9B64-4C57-AE22-2BD9C021141E}.Release|x86.ActiveCfg = Release|Any CPU
		{DCBFD674-9B64-4C57-AE22-2BD9C021141E}.Release|x86.Build.0 = Release|Any CPU
	EndGlobalSection
EndGlobal
