
Microsoft Visual Studio Solution File, Format Version 12.00
# Visual Studio 15
VisualStudioVersion = 15.0.26124.0
MinimumVisualStudioVersion = 15.0.26124.0
Project("{9A19103F-16F7-4668-BE54-9A1E7A4F7556}") = "R5T.Visigothia.Local.Standard.Construction", "R5T.Visigothia.Local.Standard.Construction\R5T.Visigothia.Local.Standard.Construction.csproj", "{BA6EBBB2-0758-4CC3-83E7-2360A62ACDEE}"
EndProject
Project("{9A19103F-16F7-4668-BE54-9A1E7A4F7556}") = "R5T.Visigothia.Local.Standard", "R5T.Visigothia.Local.Standard\R5T.Visigothia.Local.Standard.csproj", "{675437A6-C742-46EE-8D9B-1534A92E2405}"
EndProject
Project("{9A19103F-16F7-4668-BE54-9A1E7A4F7556}") = "R5T.Visigothia.Local.Standard.Testing", "R5T.Visigothia.Local.Standard.Testing\R5T.Visigothia.Local.Standard.Testing.csproj", "{DCBFD674-9B64-4C57-AE22-2BD9C021141E}"
EndProject
Project("{2150E333-8FDC-42A3-9474-1A3956D46DE8}") = "_Dependencies", "_Dependencies", "{E8172849-9A3F-43E5-9EDC-5794F5366288}"
EndProject
Project("{9A19103F-16F7-4668-BE54-9A1E7A4F7556}") = "R5T.Dacia", "..\..\R5T.Dacia\source\R5T.Dacia\R5T.Dacia.csproj", "{6EC7DBC0-4427-4827-BAB6-FE776913D107}"
EndProject
Project("{9A19103F-16F7-4668-BE54-9A1E7A4F7556}") = "R5T.Visigothia.Local.Default", "..\..\R5T.Visigothia.Local.Default\source\R5T.Visigothia.Local.Default\R5T.Visigothia.Local.Default.csproj", "{3A32620B-62AD-47C6-A3FB-AB4FBAA55BC9}"
EndProject
Project("{9A19103F-16F7-4668-BE54-9A1E7A4F7556}") = "R5T.Visigothia.Base", "..\..\R5T.Visigothia.Base\source\R5T.Visigothia.Base\R5T.Visigothia.Base.csproj", "{C3C680B7-25BD-475B-AECC-CCBC32984917}"
EndProject
Global
	GlobalSection(SolutionConfigurationPlatforms) = preSolution
		Debug|Any CPU = Debug|Any CPU
		Debug|x64 = Debug|x64
		Debug|x86 = Debug|x86
		Release|Any CPU = Release|Any CPU
		Release|x64 = Release|x64
		Release|x86 = Release|x86
	EndGlobalSection
	GlobalSection(ProjectConfigurationPlatforms) = postSolution
		{BA6EBBB2-0758-4CC3-83E7-2360A62ACDEE}.Debug|Any CPU.ActiveCfg = Debug|Any CPU
		{BA6EBBB2-0758-4CC3-83E7-2360A62ACDEE}.Debug|Any CPU.Build.0 = Debug|Any CPU
		{BA6EBBB2-0758-4CC3-83E7-2360A62ACDEE}.Debug|x64.ActiveCfg = Debug|Any CPU
		{BA6EBBB2-0758-4CC3-83E7-2360A62ACDEE}.Debug|x64.Build.0 = Debug|Any CPU
		{BA6EBBB2-0758-4CC3-83E7-2360A62ACDEE}.Debug|x86.ActiveCfg = Debug|Any CPU
		{BA6EBBB2-0758-4CC3-83E7-2360A62ACDEE}.Debug|x86.Build.0 = Debug|Any CPU
		{BA6EBBB2-0758-4CC3-83E7-2360A62ACDEE}.Release|Any CPU.ActiveCfg = Release|Any CPU
		{BA6EBBB2-0758-4CC3-83E7-2360A62ACDEE}.Release|Any CPU.Build.0 = Release|Any CPU
		{BA6EBBB2-0758-4CC3-83E7-2360A62ACDEE}.Release|x64.ActiveCfg = Release|Any CPU
		{BA6EBBB2-0758-4CC3-83E7-2360A62ACDEE}.Release|x64.Build.0 = Release|Any CPU
		{BA6EBBB2-0758-4CC3-83E7-2360A62ACDEE}.Release|x86.ActiveCfg = Release|Any CPU
		{BA6EBBB2-0758-4CC3-83E7-2360A62ACDEE}.Release|x86.Build.0 = Release|Any CPU
		{675437A6-C742-46EE-8D9B-1534A92E2405}.Debug|Any CPU.ActiveCfg = Debug|Any CPU
		{675437A6-C742-46EE-8D9B-1534A92E2405}.Debug|Any CPU.Build.0 = Debug|Any CPU
		{675437A6-C742-46EE-8D9B-1534A92E2405}.Debug|x64.ActiveCfg = Debug|Any CPU
		{675437A6-C742-46EE-8D9B-1534A92E2405}.Debug|x64.Build.0 = Debug|Any CPU
		{675437A6-C742-46EE-8D9B-1534A92E2405}.Debug|x86.ActiveCfg = Debug|Any CPU
		{675437A6-C742-46EE-8D9B-1534A92E2405}.Debug|x86.Build.0 = Debug|Any CPU
		{675437A6-C742-46EE-8D9B-1534A92E2405}.Release|Any CPU.ActiveCfg = Release|Any CPU
		{675437A6-C742-46EE-8D9B-1534A92E2405}.Release|Any CPU.Build.0 = Release|Any CPU
		{675437A6-C742-46EE-8D9B-1534A92E2405}.Release|x64.ActiveCfg = Release|Any CPU
		{675437A6-C742-46EE-8D9B-1534A92E2405}.Release|x64.Build.0 = Release|Any CPU
		{675437A6-C742-46EE-8D9B-1534A92E2405}.Release|x86.ActiveCfg = Release|Any CPU
		{675437A6-C742-46EE-8D9B-1534A92E2405}.Release|x86.Build.0 = Release|Any CPU
		{DCBFD674-9B64-4C57-AE22-2BD9C021141E}.Debug|Any CPU.ActiveCfg = Debug|Any CPU
		{DCBFD674-9B64-4C57-AE22-2BD9C021141E}.Debug|Any CPU.Build.0 = Debug|Any CPU
		{DCBFD674-9B64-4C57-AE22-2BD9C021141E}.Debug|x64.ActiveCfg = Debug|Any CPU
		{DCBFD674-9B64-4C57-AE22-2BD9C021141E}.Debug|x64.Build.0 = Debug|Any CPU
		{DCBFD674-9B64-4C57-AE22-2BD9C021141E}.Debug|x86.ActiveCfg = Debug|Any CPU
		{DCBFD674-9B64-4C57-AE22-2BD9C021141E}.Debug|x86.Build.0 = Debug|Any CPU
		{DCBFD674-9B64-4C57-AE22-2BD9C021141E}.Release|Any CPU.ActiveCfg = Release|Any CPU
		{DCBFD674-9B64-4C57-AE22-2BD9C021141E}.Release|Any CPU.Build.0 = Release|Any CPU
		{DCBFD674-9B64-4C57-AE22-2BD9C021141E}.Release|x64.ActiveCfg = Release|Any CPU
		{DCBFD674-9B64-4C57-AE22-2BD9C021141E}.Release|x64.Build.0 = Release|Any CPU
		{DCBFD674-9B64-4C57-AE22-2BD9C021141E}.Release|x86.ActiveCfg = Release|Any CPU
		{DCBFD674-9B64-4C57-AE22-2BD9C021141E}.Release|x86.Build.0 = Release|Any CPU
		{6EC7DBC0-4427-4827-BAB6-FE776913D107}.Debug|Any CPU.ActiveCfg = Debug|Any CPU
		{6EC7DBC0-4427-4827-BAB6-FE776913D107}.Debug|Any CPU.Build.0 = Debug|Any CPU
		{6EC7DBC0-4427-4827-BAB6-FE776913D107}.Debug|x64.ActiveCfg = Debug|Any CPU
		{6EC7DBC0-4427-4827-BAB6-FE776913D107}.Debug|x64.Build.0 = Debug|Any CPU
		{6EC7DBC0-4427-4827-BAB6-FE776913D107}.Debug|x86.ActiveCfg = Debug|Any CPU
		{6EC7DBC0-4427-4827-BAB6-FE776913D107}.Debug|x86.Build.0 = Debug|Any CPU
		{6EC7DBC0-4427-4827-BAB6-FE776913D107}.Release|Any CPU.ActiveCfg = Release|Any CPU
		{6EC7DBC0-4427-4827-BAB6-FE776913D107}.Release|Any CPU.Build.0 = Release|Any CPU
		{6EC7DBC0-4427-4827-BAB6-FE776913D107}.Release|x64.ActiveCfg = Release|Any CPU
		{6EC7DBC0-4427-4827-BAB6-FE776913D107}.Release|x64.Build.0 = Release|Any CPU
		{6EC7DBC0-4427-4827-BAB6-FE776913D107}.Release|x86.ActiveCfg = Release|Any CPU
		{6EC7DBC0-4427-4827-BAB6-FE776913D107}.Release|x86.Build.0 = Release|Any CPU
		{3A32620B-62AD-47C6-A3FB-AB4FBAA55BC9}.Debug|Any CPU.ActiveCfg = Debug|Any CPU
		{3A32620B-62AD-47C6-A3FB-AB4FBAA55BC9}.Debug|Any CPU.Build.0 = Debug|Any CPU
		{3A32620B-62AD-47C6-A3FB-AB4FBAA55BC9}.Debug|x64.ActiveCfg = Debug|Any CPU
		{3A32620B-62AD-47C6-A3FB-AB4FBAA55BC9}.Debug|x64.Build.0 = Debug|Any CPU
		{3A32620B-62AD-47C6-A3FB-AB4FBAA55BC9}.Debug|x86.ActiveCfg = Debug|Any CPU
		{3A32620B-62AD-47C6-A3FB-AB4FBAA55BC9}.Debug|x86.Build.0 = Debug|Any CPU
		{3A32620B-62AD-47C6-A3FB-AB4FBAA55BC9}.Release|Any CPU.ActiveCfg = Release|Any CPU
		{3A32620B-62AD-47C6-A3FB-AB4FBAA55BC9}.Release|Any CPU.Build.0 = Release|Any CPU
		{3A32620B-62AD-47C6-A3FB-AB4FBAA55BC9}.Release|x64.ActiveCfg = Release|Any CPU
		{3A32620B-62AD-47C6-A3FB-AB4FBAA55BC9}.Release|x64.Build.0 = Release|Any CPU
		{3A32620B-62AD-47C6-A3FB-AB4FBAA55BC9}.Release|x86.ActiveCfg = Release|Any CPU
		{3A32620B-62AD-47C6-A3FB-AB4FBAA55BC9}.Release|x86.Build.0 = Release|Any CPU
		{C3C680B7-25BD-475B-AECC-CCBC32984917}.Debug|Any CPU.ActiveCfg = Debug|Any CPU
		{C3C680B7-25BD-475B-AECC-CCBC32984917}.Debug|Any CPU.Build.0 = Debug|Any CPU
		{C3C680B7-25BD-475B-AECC-CCBC32984917}.Debug|x64.ActiveCfg = Debug|Any CPU
		{C3C680B7-25BD-475B-AECC-CCBC32984917}.Debug|x64.Build.0 = Debug|Any CPU
		{C3C680B7-25BD-475B-AECC-CCBC32984917}.Debug|x86.ActiveCfg = Debug|Any CPU
		{C3C680B7-25BD-475B-AECC-CCBC32984917}.Debug|x86.Build.0 = Debug|Any CPU
		{C3C680B7-25BD-475B-AECC-CCBC32984917}.Release|Any CPU.ActiveCfg = Release|Any CPU
		{C3C680B7-25BD-475B-AECC-CCBC32984917}.Release|Any CPU.Build.0 = Release|Any CPU
		{C3C680B7-25BD-475B-AECC-CCBC32984917}.Release|x64.ActiveCfg = Release|Any CPU
		{C3C680B7-25BD-475B-AECC-CCBC32984917}.Release|x64.Build.0 = Release|Any CPU
		{C3C680B7-25BD-475B-AECC-CCBC32984917}.Release|x86.ActiveCfg = Release|Any CPU
		{C3C680B7-25BD-475B-AECC-CCBC32984917}.Release|x86.Build.0 = Release|Any CPU
	EndGlobalSection
	GlobalSection(SolutionProperties) = preSolution
		HideSolutionNode = FALSE
	EndGlobalSection
	GlobalSection(NestedProjects) = preSolution
		{6EC7DBC0-4427-4827-BAB6-FE776913D107} = {E8172849-9A3F-43E5-9EDC-5794F5366288}
		{3A32620B-62AD-47C6-A3FB-AB4FBAA55BC9} = {E8172849-9A3F-43E5-9EDC-5794F5366288}
		{C3C680B7-25BD-475B-AECC-CCBC32984917} = {E8172849-9A3F-43E5-9EDC-5794F5366288}
	EndGlobalSection
	GlobalSection(ExtensibilityGlobals) = postSolution
		SolutionGuid = {BA726D2A-00C4-452C-9EED-96205CF3E08C}
	EndGlobalSection
EndGlobal
